// !$*UTF8*$!
{
	archiveVersion = 1;
	classes = {
	};
	objectVersion = 46;
	objects = {

/* Begin PBXBuildFile section */
		1824CDFF1DD765980049797D /* MessageViewController.m in Sources */ = {isa = PBXBuildFile; fileRef = 1824CDFE1DD765980049797D /* MessageViewController.m */; };
		1824CE021DD765AF0049797D /* DiscoverViewController.m in Sources */ = {isa = PBXBuildFile; fileRef = 1824CE011DD765AF0049797D /* DiscoverViewController.m */; };
		1824CE051DD765BE0049797D /* MineViewController.m in Sources */ = {isa = PBXBuildFile; fileRef = 1824CE041DD765BE0049797D /* MineViewController.m */; };
		186D3CE61DD70B4400D0AC16 /* main.m in Sources */ = {isa = PBXBuildFile; fileRef = 186D3CE51DD70B4400D0AC16 /* main.m */; };
		186D3CE91DD70B4400D0AC16 /* AppDelegate.m in Sources */ = {isa = PBXBuildFile; fileRef = 186D3CE81DD70B4400D0AC16 /* AppDelegate.m */; };
		186D3CEF1DD70B4400D0AC16 /* Main.storyboard in Resources */ = {isa = PBXBuildFile; fileRef = 186D3CED1DD70B4400D0AC16 /* Main.storyboard */; };
		186D3CF11DD70B4400D0AC16 /* Assets.xcassets in Resources */ = {isa = PBXBuildFile; fileRef = 186D3CF01DD70B4400D0AC16 /* Assets.xcassets */; };
		186D3CF41DD70B4400D0AC16 /* LaunchScreen.storyboard in Resources */ = {isa = PBXBuildFile; fileRef = 186D3CF21DD70B4400D0AC16 /* LaunchScreen.storyboard */; };
		186D3CFF1DD70B4400D0AC16 /* PrectUITests.m in Sources */ = {isa = PBXBuildFile; fileRef = 186D3CFE1DD70B4400D0AC16 /* PrectUITests.m */; };
/* End PBXBuildFile section */

/* Begin PBXContainerItemProxy section */
		186D3CFB1DD70B4400D0AC16 /* PBXContainerItemProxy */ = {
			isa = PBXContainerItemProxy;
			containerPortal = 186D3CD91DD70B4400D0AC16 /* Project object */;
			proxyType = 1;
			remoteGlobalIDString = 186D3CE01DD70B4400D0AC16;
			remoteInfo = Prect;
		};
/* End PBXContainerItemProxy section */

/* Begin PBXFileReference section */
		1824CDFD1DD765980049797D /* MessageViewController.h */ = {isa = PBXFileReference; fileEncoding = 4; lastKnownFileType = sourcecode.c.h; path = MessageViewController.h; sourceTree = "<group>"; };
		1824CDFE1DD765980049797D /* MessageViewController.m */ = {isa = PBXFileReference; fileEncoding = 4; lastKnownFileType = sourcecode.c.objc; path = MessageViewController.m; sourceTree = "<group>"; };
		1824CE001DD765AF0049797D /* DiscoverViewController.h */ = {isa = PBXFileReference; fileEncoding = 4; lastKnownFileType = sourcecode.c.h; path = DiscoverViewController.h; sourceTree = "<group>"; };
		1824CE011DD765AF0049797D /* DiscoverViewController.m */ = {isa = PBXFileReference; fileEncoding = 4; lastKnownFileType = sourcecode.c.objc; path = DiscoverViewController.m; sourceTree = "<group>"; };
		1824CE031DD765BE0049797D /* MineViewController.h */ = {isa = PBXFileReference; fileEncoding = 4; lastKnownFileType = sourcecode.c.h; path = MineViewController.h; sourceTree = "<group>"; };
		1824CE041DD765BE0049797D /* MineViewController.m */ = {isa = PBXFileReference; fileEncoding = 4; lastKnownFileType = sourcecode.c.objc; path = MineViewController.m; sourceTree = "<group>"; };
		186D3CE11DD70B4400D0AC16 /* Prect.app */ = {isa = PBXFileReference; explicitFileType = wrapper.application; includeInIndex = 0; path = Prect.app; sourceTree = BUILT_PRODUCTS_DIR; };
		186D3CE51DD70B4400D0AC16 /* main.m */ = {isa = PBXFileReference; lastKnownFileType = sourcecode.c.objc; path = main.m; sourceTree = "<group>"; };
		186D3CE71DD70B4400D0AC16 /* AppDelegate.h */ = {isa = PBXFileReference; lastKnownFileType = sourcecode.c.h; path = AppDelegate.h; sourceTree = "<group>"; };
		186D3CE81DD70B4400D0AC16 /* AppDelegate.m */ = {isa = PBXFileReference; lastKnownFileType = sourcecode.c.objc; path = AppDelegate.m; sourceTree = "<group>"; };
		186D3CEE1DD70B4400D0AC16 /* Base */ = {isa = PBXFileReference; lastKnownFileType = file.storyboard; name = Base; path = Base.lproj/Main.storyboard; sourceTree = "<group>"; };
		186D3CF01DD70B4400D0AC16 /* Assets.xcassets */ = {isa = PBXFileReference; lastKnownFileType = folder.assetcatalog; path = Assets.xcassets; sourceTree = "<group>"; };
		186D3CF31DD70B4400D0AC16 /* Base */ = {isa = PBXFileReference; lastKnownFileType = file.storyboard; name = Base; path = Base.lproj/LaunchScreen.storyboard; sourceTree = "<group>"; };
		186D3CF51DD70B4400D0AC16 /* Info.plist */ = {isa = PBXFileReference; lastKnownFileType = text.plist.xml; path = Info.plist; sourceTree = "<group>"; };
		186D3CFA1DD70B4400D0AC16 /* PrectUITests.xctest */ = {isa = PBXFileReference; explicitFileType = wrapper.cfbundle; includeInIndex = 0; path = PrectUITests.xctest; sourceTree = BUILT_PRODUCTS_DIR; };
		186D3CFE1DD70B4400D0AC16 /* PrectUITests.m */ = {isa = PBXFileReference; lastKnownFileType = sourcecode.c.objc; path = PrectUITests.m; sourceTree = "<group>"; };
		186D3D001DD70B4400D0AC16 /* Info.plist */ = {isa = PBXFileReference; lastKnownFileType = text.plist.xml; path = Info.plist; sourceTree = "<group>"; };
/* End PBXFileReference section */

/* Begin PBXFrameworksBuildPhase section */
		186D3CDE1DD70B4400D0AC16 /* Frameworks */ = {
			isa = PBXFrameworksBuildPhase;
			buildActionMask = 2147483647;
			files = (
			);
			runOnlyForDeploymentPostprocessing = 0;
		};
		186D3CF71DD70B4400D0AC16 /* Frameworks */ = {
			isa = PBXFrameworksBuildPhase;
			buildActionMask = 2147483647;
			files = (
			);
			runOnlyForDeploymentPostprocessing = 0;
		};
/* End PBXFrameworksBuildPhase section */

/* Begin PBXGroup section */
		186D3CD81DD70B4400D0AC16 = {
			isa = PBXGroup;
			children = (
				186D3CE31DD70B4400D0AC16 /* Prect */,
				186D3CFD1DD70B4400D0AC16 /* PrectUITests */,
				186D3CE21DD70B4400D0AC16 /* Products */,
			);
			sourceTree = "<group>";
		};
		186D3CE21DD70B4400D0AC16 /* Products */ = {
			isa = PBXGroup;
			children = (
				186D3CE11DD70B4400D0AC16 /* Prect.app */,
				186D3CFA1DD70B4400D0AC16 /* PrectUITests.xctest */,
			);
			name = Products;
			sourceTree = "<group>";
		};
		186D3CE31DD70B4400D0AC16 /* Prect */ = {
			isa = PBXGroup;
			children = (
				186D3CE71DD70B4400D0AC16 /* AppDelegate.h */,
				186D3CE81DD70B4400D0AC16 /* AppDelegate.m */,
				1824CDFD1DD765980049797D /* MessageViewController.h */,
				1824CDFE1DD765980049797D /* MessageViewController.m */,
				1824CE001DD765AF0049797D /* DiscoverViewController.h */,
				1824CE011DD765AF0049797D /* DiscoverViewController.m */,
				1824CE031DD765BE0049797D /* MineViewController.h */,
				1824CE041DD765BE0049797D /* MineViewController.m */,
				186D3CED1DD70B4400D0AC16 /* Main.storyboard */,
				186D3CF01DD70B4400D0AC16 /* Assets.xcassets */,
				186D3CF21DD70B4400D0AC16 /* LaunchScreen.storyboard */,
				186D3CF51DD70B4400D0AC16 /* Info.plist */,
				186D3CE41DD70B4400D0AC16 /* Supporting Files */,
			);
			path = Prect;
			sourceTree = "<group>";
		};
		186D3CE41DD70B4400D0AC16 /* Supporting Files */ = {
			isa = PBXGroup;
			children = (
				186D3CE51DD70B4400D0AC16 /* main.m */,
			);
			name = "Supporting Files";
			sourceTree = "<group>";
		};
		186D3CFD1DD70B4400D0AC16 /* PrectUITests */ = {
			isa = PBXGroup;
			children = (
				186D3CFE1DD70B4400D0AC16 /* PrectUITests.m */,
				186D3D001DD70B4400D0AC16 /* Info.plist */,
			);
			path = PrectUITests;
			sourceTree = "<group>";
		};
/* End PBXGroup section */

/* Begin PBXNativeTarget section */
		186D3CE01DD70B4400D0AC16 /* Prect */ = {
			isa = PBXNativeTarget;
			buildConfigurationList = 186D3D031DD70B4400D0AC16 /* Build configuration list for PBXNativeTarget "Prect" */;
			buildPhases = (
				186D3CDD1DD70B4400D0AC16 /* Sources */,
				186D3CDE1DD70B4400D0AC16 /* Frameworks */,
				186D3CDF1DD70B4400D0AC16 /* Resources */,
			);
			buildRules = (
			);
			dependencies = (
			);
			name = Prect;
			productName = Prect;
			productReference = 186D3CE11DD70B4400D0AC16 /* Prect.app */;
			productType = "com.apple.product-type.application";
		};
		186D3CF91DD70B4400D0AC16 /* PrectUITests */ = {
			isa = PBXNativeTarget;
			buildConfigurationList = 186D3D061DD70B4400D0AC16 /* Build configuration list for PBXNativeTarget "PrectUITests" */;
			buildPhases = (
				186D3CF61DD70B4400D0AC16 /* Sources */,
				186D3CF71DD70B4400D0AC16 /* Frameworks */,
				186D3CF81DD70B4400D0AC16 /* Resources */,
			);
			buildRules = (
			);
			dependencies = (
				186D3CFC1DD70B4400D0AC16 /* PBXTargetDependency */,
			);
			name = PrectUITests;
			productName = PrectUITests;
			productReference = 186D3CFA1DD70B4400D0AC16 /* PrectUITests.xctest */;
			productType = "com.apple.product-type.bundle.ui-testing";
		};
/* End PBXNativeTarget section */

/* Begin PBXProject section */
		186D3CD91DD70B4400D0AC16 /* Project object */ = {
			isa = PBXProject;
			attributes = {
				LastUpgradeCheck = 0720;
				ORGANIZATIONNAME = "赵伟争";
				TargetAttributes = {
					186D3CE01DD70B4400D0AC16 = {
						CreatedOnToolsVersion = 7.2;
					};
					186D3CF91DD70B4400D0AC16 = {
						CreatedOnToolsVersion = 7.2;
						TestTargetID = 186D3CE01DD70B4400D0AC16;
					};
				};
			};
			buildConfigurationList = 186D3CDC1DD70B4400D0AC16 /* Build configuration list for PBXProject "Prect" */;
			compatibilityVersion = "Xcode 3.2";
			developmentRegion = English;
			hasScannedForEncodings = 0;
			knownRegions = (
				en,
				Base,
			);
			mainGroup = 186D3CD81DD70B4400D0AC16;
			productRefGroup = 186D3CE21DD70B4400D0AC16 /* Products */;
			projectDirPath = "";
			projectRoot = "";
			targets = (
				186D3CE01DD70B4400D0AC16 /* Prect */,
				186D3CF91DD70B4400D0AC16 /* PrectUITests */,
			);
		};
/* End PBXProject section */

/* Begin PBXResourcesBuildPhase section */
		186D3CDF1DD70B4400D0AC16 /* Resources */ = {
			isa = PBXResourcesBuildPhase;
			buildActionMask = 2147483647;
			files = (
				186D3CF41DD70B4400D0AC16 /* LaunchScreen.storyboard in Resources */,
				186D3CF11DD70B4400D0AC16 /* Assets.xcassets in Resources */,
				186D3CEF1DD70B4400D0AC16 /* Main.storyboard in Resources */,
			);
			runOnlyForDeploymentPostprocessing = 0;
		};
		186D3CF81DD70B4400D0AC16 /* Resources */ = {
			isa = PBXResourcesBuildPhase;
			buildActionMask = 2147483647;
			files = (
			);
			runOnlyForDeploymentPostprocessing = 0;
		};
/* End PBXResourcesBuildPhase section */

/* Begin PBXSourcesBuildPhase section */
		186D3CDD1DD70B4400D0AC16 /* Sources */ = {
			isa = PBXSourcesBuildPhase;
			buildActionMask = 2147483647;
			files = (
				1824CE051DD765BE0049797D /* MineViewController.m in Sources */,
				1824CE021DD765AF0049797D /* DiscoverViewController.m in Sources */,
				1824CDFF1DD765980049797D /* MessageViewController.m in Sources */,
				186D3CE91DD70B4400D0AC16 /* AppDelegate.m in Sources */,
				186D3CE61DD70B4400D0AC16 /* main.m in Sources */,
			);
			runOnlyForDeploymentPostprocessing = 0;
		};
		186D3CF61DD70B4400D0AC16 /* Sources */ = {
			isa = PBXSourcesBuildPhase;
			buildActionMask = 2147483647;
			files = (
				186D3CFF1DD70B4400D0AC16 /* PrectUITests.m in Sources */,
			);
			runOnlyForDeploymentPostprocessing = 0;
		};
/* End PBXSourcesBuildPhase section */

/* Begin PBXTargetDependency section */
		186D3CFC1DD70B4400D0AC16 /* PBXTargetDependency */ = {
			isa = PBXTargetDependency;
			target = 186D3CE01DD70B4400D0AC16 /* Prect */;
			targetProxy = 186D3CFB1DD70B4400D0AC16 /* PBXContainerItemProxy */;
		};
/* End PBXTargetDependency section */

/* Begin PBXVariantGroup section */
		186D3CED1DD70B4400D0AC16 /* Main.storyboard */ = {
			isa = PBXVariantGroup;
			children = (
				186D3CEE1DD70B4400D0AC16 /* Base */,
			);
			name = Main.storyboard;
			sourceTree = "<group>";
		};
		186D3CF21DD70B4400D0AC16 /* LaunchScreen.storyboard */ = {
			isa = PBXVariantGroup;
			children = (
				186D3CF31DD70B4400D0AC16 /* Base */,
			);
			name = LaunchScreen.storyboard;
			sourceTree = "<group>";
		};
/* End PBXVariantGroup section */

/* Begin XCBuildConfiguration section */
		186D3D011DD70B4400D0AC16 /* Debug */ = {
			isa = XCBuildConfiguration;
			buildSettings = {
				ALWAYS_SEARCH_USER_PATHS = NO;
				CLANG_CXX_LANGUAGE_STANDARD = "gnu++0x";
				CLANG_CXX_LIBRARY = "libc++";
				CLANG_ENABLE_MODULES = YES;
				CLANG_ENABLE_OBJC_ARC = YES;
				CLANG_WARN_BOOL_CONVERSION = YES;
				CLANG_WARN_CONSTANT_CONVERSION = YES;
				CLANG_WARN_DIRECT_OBJC_ISA_USAGE = YES_ERROR;
				CLANG_WARN_EMPTY_BODY = YES;
				CLANG_WARN_ENUM_CONVERSION = YES;
				CLANG_WARN_INT_CONVERSION = YES;
				CLANG_WARN_OBJC_ROOT_CLASS = YES_ERROR;
				CLANG_WARN_UNREACHABLE_CODE = YES;
				CLANG_WARN__DUPLICATE_METHOD_MATCH = YES;
				"CODE_SIGN_IDENTITY[sdk=iphoneos*]" = "iPhone Developer";
				COPY_PHASE_STRIP = NO;
				DEBUG_INFORMATION_FORMAT = dwarf;
				ENABLE_STRICT_OBJC_MSGSEND = YES;
				ENABLE_TESTABILITY = YES;
				GCC_C_LANGUAGE_STANDARD = gnu99;
				GCC_DYNAMIC_NO_PIC = NO;
				GCC_NO_COMMON_BLOCKS = YES;
				GCC_OPTIMIZATION_LEVEL = 0;
				GCC_PREPROCESSOR_DEFINITIONS = (
					"DEBUG=1",
					"$(inherited)",
				);
				GCC_WARN_64_TO_32_BIT_CONVERSION = YES;
				GCC_WARN_ABOUT_RETURN_TYPE = YES_ERROR;
				GCC_WARN_UNDECLARED_SELECTOR = YES;
				GCC_WARN_UNINITIALIZED_AUTOS = YES_AGGRESSIVE;
				GCC_WARN_UNUSED_FUNCTION = YES;
				GCC_WARN_UNUSED_VARIABLE = YES;
				IPHONEOS_DEPLOYMENT_TARGET = 9.2;
				MTL_ENABLE_DEBUG_INFO = YES;
				ONLY_ACTIVE_ARCH = YES;
				SDKROOT = iphoneos;
			};
			name = Debug;
		};
		186D3D021DD70B4400D0AC16 /* Release */ = {
			isa = XCBuildConfiguration;
			buildSettings = {
				ALWAYS_SEARCH_USER_PATHS = NO;
				CLANG_CXX_LANGUAGE_STANDARD = "gnu++0x";
				CLANG_CXX_LIBRARY = "libc++";
				CLANG_ENABLE_MODULES = YES;
				CLANG_ENABLE_OBJC_ARC = YES;
				CLANG_WARN_BOOL_CONVERSION = YES;
				CLANG_WARN_CONSTANT_CONVERSION = YES;
				CLANG_WARN_DIRECT_OBJC_ISA_USAGE = YES_ERROR;
				CLANG_WARN_EMPTY_BODY = YES;
				CLANG_WARN_ENUM_CONVERSION = YES;
				CLANG_WARN_INT_CONVERSION = YES;
				CLANG_WARN_OBJC_ROOT_CLASS = YES_ERROR;
				CLANG_WARN_UNREACHABLE_CODE = YES;
				CLANG_WARN__DUPLICATE_METHOD_MATCH = YES;
				"CODE_SIGN_IDENTITY[sdk=iphoneos*]" = "iPhone Developer";
				COPY_PHASE_STRIP = NO;
				DEBUG_INFORMATION_FORMAT = "dwarf-with-dsym";
				ENABLE_NS_ASSERTIONS = NO;
				ENABLE_STRICT_OBJC_MSGSEND = YES;
				GCC_C_LANGUAGE_STANDARD = gnu99;
				GCC_NO_COMMON_BLOCKS = YES;
				GCC_WARN_64_TO_32_BIT_CONVERSION = YES;
				GCC_WARN_ABOUT_RETURN_TYPE = YES_ERROR;
				GCC_WARN_UNDECLARED_SELECTOR = YES;
				GCC_WARN_UNINITIALIZED_AUTOS = YES_AGGRESSIVE;
				GCC_WARN_UNUSED_FUNCTION = YES;
				GCC_WARN_UNUSED_VARIABLE = YES;
				IPHONEOS_DEPLOYMENT_TARGET = 9.2;
				MTL_ENABLE_DEBUG_INFO = NO;
				SDKROOT = iphoneos;
				VALIDATE_PRODUCT = YES;
			};
			name = Release;
		};
		186D3D041DD70B4400D0AC16 /* Debug */ = {
			isa = XCBuildConfiguration;
			buildSettings = {
				ASSETCATALOG_COMPILER_APPICON_NAME = AppIcon;
				INFOPLIST_FILE = Prect/Info.plist;
				IPHONEOS_DEPLOYMENT_TARGET = 8.2;
				LD_RUNPATH_SEARCH_PATHS = "$(inherited) @executable_path/Frameworks";
				PRODUCT_BUNDLE_IDENTIFIER = com.apple.Prect;
				PRODUCT_NAME = "$(TARGET_NAME)";
			};
			name = Debug;
		};
		186D3D051DD70B4400D0AC16 /* Release */ = {
			isa = XCBuildConfiguration;
			buildSettings = {
				ASSETCATALOG_COMPILER_APPICON_NAME = AppIcon;
				INFOPLIST_FILE = Prect/Info.plist;
				IPHONEOS_DEPLOYMENT_TARGET = 8.2;
				LD_RUNPATH_SEARCH_PATHS = "$(inherited) @executable_path/Frameworks";
				PRODUCT_BUNDLE_IDENTIFIER = com.apple.Prect;
				PRODUCT_NAME = "$(TARGET_NAME)";
			};
			name = Release;
		};
		186D3D071DD70B4400D0AC16 /* Debug */ = {
			isa = XCBuildConfiguration;
			buildSettings = {
				INFOPLIST_FILE = PrectUITests/Info.plist;
				LD_RUNPATH_SEARCH_PATHS = "$(inherited) @executable_path/Frameworks @loader_path/Frameworks";
				PRODUCT_BUNDLE_IDENTIFIER = com.apple.PrectUITests;
				PRODUCT_NAME = "$(TARGET_NAME)";
				TEST_TARGET_NAME = Prect;
				USES_XCTRUNNER = YES;
			};
			name = Debug;
		};
		186D3D081DD70B4400D0AC16 /* Release */ = {
			isa = XCBuildConfiguration;
			buildSettings = {
				INFOPLIST_FILE = PrectUITests/Info.plist;
				LD_RUNPATH_SEARCH_PATHS = "$(inherited) @executable_path/Frameworks @loader_path/Frameworks";
				PRODUCT_BUNDLE_IDENTIFIER = com.apple.PrectUITests;
				PRODUCT_NAME = "$(TARGET_NAME)";
				TEST_TARGET_NAME = Prect;
				USES_XCTRUNNER = YES;
			};
			name = Release;
		};
/* End XCBuildConfiguration section */

/* Begin XCConfigurationList section */
		186D3CDC1DD70B4400D0AC16 /* Build configuration list for PBXProject "Prect" */ = {
			isa = XCConfigurationList;
			buildConfigurations = (
				186D3D011DD70B4400D0AC16 /* Debug */,
				186D3D021DD70B4400D0AC16 /* Release */,
			);
			defaultConfigurationIsVisible = 0;
			defaultConfigurationName = Release;
		};
		186D3D031DD70B4400D0AC16 /* Build configuration list for PBXNativeTarget "Prect" */ = {
			isa = XCConfigurationList;
			buildConfigurations = (
				186D3D041DD70B4400D0AC16 /* Debug */,
				186D3D051DD70B4400D0AC16 /* Release */,
			);
			defaultConfigurationIsVisible = 0;
			defaultConfigurationName = Release;
		};
		186D3D061DD70B4400D0AC16 /* Build configuration list for PBXNativeTarget "PrectUITests" */ = {
			isa = XCConfigurationList;
			buildConfigurations = (
				186D3D071DD70B4400D0AC16 /* Debug */,
				186D3D081DD70B4400D0AC16 /* Release */,
			);
			defaultConfigurationIsVisible = 0;
			defaultConfigurationName = Release;
		};
/* End XCConfigurationList section */
	};
	rootObject = 186D3CD91DD70B4400D0AC16 /* Project object */;
}
